
Microsoft Visual Studio Solution File, Format Version 12.00
# Visual Studio Version 17
VisualStudioVersion = 17.13.35919.96
MinimumVisualStudioVersion = 10.0.40219.1
Project("{FAE04EC0-301F-11D3-BF4B-00C04F79EFBC}") = "PlanifPRS", "PlanifPRS\PlanifPRS.csproj", "{D53B08D4-D773-4807-ABBD-9D23486AFE90}"
EndProject
Project("{00D1A9C2-B5F0-4AF3-8072-F6C62B433612}") = "PlanifPRSBase", "PlanifPRSBase\PlanifPRSBase.sqlproj", "{1293A3CA-FD7C-4988-A265-23CAF3ECD379}"
EndProject
Global
	GlobalSection(SolutionConfigurationPlatforms) = preSolution
		Debug|Any CPU = Debug|Any CPU
		Release|Any CPU = Release|Any CPU
	EndGlobalSection
	GlobalSection(ProjectConfigurationPlatforms) = postSolution
		{D53B08D4-D773-4807-ABBD-9D23486AFE90}.Debug|Any CPU.ActiveCfg = Debug|Any CPU
		{D53B08D4-D773-4807-ABBD-9D23486AFE90}.Debug|Any CPU.Build.0 = Debug|Any CPU
		{D53B08D4-D773-4807-ABBD-9D23486AFE90}.Release|Any CPU.ActiveCfg = Release|Any CPU
		{D53B08D4-D773-4807-ABBD-9D23486AFE90}.Release|Any CPU.Build.0 = Release|Any CPU
		{1293A3CA-FD7C-4988-A265-23CAF3ECD379}.Debug|Any CPU.ActiveCfg = Debug|Any CPU
		{1293A3CA-FD7C-4988-A265-23CAF3ECD379}.Debug|Any CPU.Build.0 = Debug|Any CPU
		{1293A3CA-FD7C-4988-A265-23CAF3ECD379}.Debug|Any CPU.Deploy.0 = Debug|Any CPU
		{1293A3CA-FD7C-4988-A265-23CAF3ECD379}.Release|Any CPU.ActiveCfg = Release|Any CPU
		{1293A3CA-FD7C-4988-A265-23CAF3ECD379}.Release|Any CPU.Build.0 = Release|Any CPU
		{1293A3CA-FD7C-4988-A265-23CAF3ECD379}.Release|Any CPU.Deploy.0 = Release|Any CPU
	EndGlobalSection
	GlobalSection(SolutionProperties) = preSolution
		HideSolutionNode = FALSE
	EndGlobalSection
	GlobalSection(ExtensibilityGlobals) = postSolution
		SolutionGuid = {FA58A856-2F31-4703-BC4C-3A995372F5B4}
	EndGlobalSection
EndGlobal
